
Microsoft Visual Studio Solution File, Format Version 12.00
# Visual Studio Version 16
VisualStudioVersion = 16.0.29709.97
MinimumVisualStudioVersion = 10.0.40219.1
Project("{FAE04EC0-301F-11D3-BF4B-00C04F79EFBC}") = "Dcrew.Spatial", "Dcrew.Spatial.csproj", "{2CDEBA5E-C1F0-4A19-8C11-5FEF4E69EA7A}"
EndProject
Global
	GlobalSection(SolutionConfigurationPlatforms) = preSolution
		Debug|Any CPU = Debug|Any CPU
		Release|Any CPU = Release|Any CPU
	EndGlobalSection
	GlobalSection(ProjectConfigurationPlatforms) = postSolution
		{2CDEBA5E-C1F0-4A19-8C11-5FEF4E69EA7A}.Debug|Any CPU.ActiveCfg = Debug|Any CPU
		{2CDEBA5E-C1F0-4A19-8C11-5FEF4E69EA7A}.Debug|Any CPU.Build.0 = Debug|Any CPU
		{2CDEBA5E-C1F0-4A19-8C11-5FEF4E69EA7A}.Release|Any CPU.ActiveCfg = Release|Any CPU
		{2CDEBA5E-C1F0-4A19-8C11-5FEF4E69EA7A}.Release|Any CPU.Build.0 = Release|Any CPU
	EndGlobalSection
	GlobalSection(SolutionProperties) = preSolution
		HideSolutionNode = FALSE
	EndGlobalSection
	GlobalSection(ExtensibilityGlobals) = postSolution
		SolutionGuid = {FD2C933D-D395-4F24-BF54-7A245FB340EE}
	EndGlobalSection
EndGlobal
