Microsoft Visual Studio Solution File, Format Version 12.00
# Visual Studio 2012
Project("{FAE04EC0-301F-11D3-BF4B-00C04F79EFBC}") = "Alcatreize", "Alcatreize.csproj", "{4C94A747-ECC3-4FF1-BC85-67C2C96ACF9A}"
EndProject
Global
	GlobalSection(SolutionConfigurationPlatforms) = preSolution
	Debug|Any CPU = Debug|Any CPU
	ExportDebug|Any CPU = ExportDebug|Any CPU
	ExportRelease|Any CPU = ExportRelease|Any CPU
	EndGlobalSection
	GlobalSection(ProjectConfigurationPlatforms) = postSolution
		{4C94A747-ECC3-4FF1-BC85-67C2C96ACF9A}.Debug|Any CPU.ActiveCfg = Debug|Any CPU
		{4C94A747-ECC3-4FF1-BC85-67C2C96ACF9A}.Debug|Any CPU.Build.0 = Debug|Any CPU
		{4C94A747-ECC3-4FF1-BC85-67C2C96ACF9A}.ExportDebug|Any CPU.ActiveCfg = ExportDebug|Any CPU
		{4C94A747-ECC3-4FF1-BC85-67C2C96ACF9A}.ExportDebug|Any CPU.Build.0 = ExportDebug|Any CPU
		{4C94A747-ECC3-4FF1-BC85-67C2C96ACF9A}.ExportRelease|Any CPU.ActiveCfg = ExportRelease|Any CPU
		{4C94A747-ECC3-4FF1-BC85-67C2C96ACF9A}.ExportRelease|Any CPU.Build.0 = ExportRelease|Any CPU
	EndGlobalSection
EndGlobal
